
Microsoft Visual Studio Solution File, Format Version 12.00
# Visual Studio Version 16
VisualStudioVersion = 16.0.32228.343
MinimumVisualStudioVersion = 10.0.40219.1
Project("{FAE04EC0-301F-11D3-BF4B-00C04F79EFBC}") = "NumberToText", "NumberToText\NumberToText.csproj", "{D43CB450-FDA6-407B-B672-07F1F64BF626}"
EndProject
Global
	GlobalSection(SolutionConfigurationPlatforms) = preSolution
		Debug|Any CPU = Debug|Any CPU
		Release|Any CPU = Release|Any CPU
	EndGlobalSection
	GlobalSection(ProjectConfigurationPlatforms) = postSolution
		{D43CB450-FDA6-407B-B672-07F1F64BF626}.Debug|Any CPU.ActiveCfg = Debug|Any CPU
		{D43CB450-FDA6-407B-B672-07F1F64BF626}.Debug|Any CPU.Build.0 = Debug|Any CPU
		{D43CB450-FDA6-407B-B672-07F1F64BF626}.Release|Any CPU.ActiveCfg = Release|Any CPU
		{D43CB450-FDA6-407B-B672-07F1F64BF626}.Release|Any CPU.Build.0 = Release|Any CPU
	EndGlobalSection
	GlobalSection(SolutionProperties) = preSolution
		HideSolutionNode = FALSE
	EndGlobalSection
	GlobalSection(ExtensibilityGlobals) = postSolution
		SolutionGuid = {13F8E1C5-3156-49C3-9E42-434A3357A3A7}
	EndGlobalSection
EndGlobal
